# THIS IS AN AUTOGENERATED FILE. DO NOT EDIT THIS FILE DIRECTLY.
# yarn lockfile v1


draft-js-export-html@^1.4.1:
  version "1.4.1"
  resolved "https://registry.yarnpkg.com/draft-js-export-html/-/draft-js-export-html-1.4.1.tgz#7cdad970c6f7f2cdd19ce4c1f5073fdf0f313b4d"
  integrity sha512-G4VGBSalPowktIE4wp3rFbhjs+Ln9IZ2FhXeHjsZDSw0a2+h+BjKu5Enq+mcsyVb51RW740GBK8Xbf7Iic51tw==
  dependencies:
    draft-js-utils "^1.4.0"

draft-js-utils@^1.4.0:
  version "1.4.0"
  resolved "https://registry.yarnpkg.com/draft-js-utils/-/draft-js-utils-1.4.0.tgz#c60af198108f69b0f1df3572555b23836819d1cf"
  integrity sha512-8s9FFuKC+lOWGwJ0b3om2PF+uXrqQPaEQlPJI7UxdzxTYGMeKouMPA9+YlPn52zcAVElIZtd2tXj6eQmvlKelw==
